
Microsoft Visual Studio Solution File, Format Version 12.00
# Visual Studio Version 16
VisualStudioVersion = 16.0.30413.136
MinimumVisualStudioVersion = 10.0.40219.1
Project("{FAE04EC0-301F-11D3-BF4B-00C04F79EFBC}") = "Exercise 1", "Exercise 1\Exercise 1.csproj", "{EB36BC22-D7A4-4C4F-8185-7E11A03F3AB7}"
EndProject
Project("{FAE04EC0-301F-11D3-BF4B-00C04F79EFBC}") = "Exercise 2", "Exercise 2\Exercise 2.csproj", "{FDF90544-9FB9-40A1-B712-DDA76AE99F40}"
EndProject
Project("{FAE04EC0-301F-11D3-BF4B-00C04F79EFBC}") = "Exercise 3", "Exercise 3\Exercise 3.csproj", "{22AC9FE3-7661-478B-8753-5B0B656A129E}"
EndProject
Project("{FAE04EC0-301F-11D3-BF4B-00C04F79EFBC}") = "Exercise 4", "Exercise 4\Exercise 4.csproj", "{2CA93915-488F-49DE-B665-3E76B0914024}"
EndProject
Project("{FAE04EC0-301F-11D3-BF4B-00C04F79EFBC}") = "Exercise 5", "Exercise 5\Exercise 5.csproj", "{70280AB5-DFF9-4530-A84B-A7BF83ED80E2}"
EndProject
Global
	GlobalSection(SolutionConfigurationPlatforms) = preSolution
		Debug|Any CPU = Debug|Any CPU
		Release|Any CPU = Release|Any CPU
	EndGlobalSection
	GlobalSection(ProjectConfigurationPlatforms) = postSolution
		{EB36BC22-D7A4-4C4F-8185-7E11A03F3AB7}.Debug|Any CPU.ActiveCfg = Debug|Any CPU
		{EB36BC22-D7A4-4C4F-8185-7E11A03F3AB7}.Debug|Any CPU.Build.0 = Debug|Any CPU
		{EB36BC22-D7A4-4C4F-8185-7E11A03F3AB7}.Release|Any CPU.ActiveCfg = Release|Any CPU
		{EB36BC22-D7A4-4C4F-8185-7E11A03F3AB7}.Release|Any CPU.Build.0 = Release|Any CPU
		{FDF90544-9FB9-40A1-B712-DDA76AE99F40}.Debug|Any CPU.ActiveCfg = Debug|Any CPU
		{FDF90544-9FB9-40A1-B712-DDA76AE99F40}.Debug|Any CPU.Build.0 = Debug|Any CPU
		{FDF90544-9FB9-40A1-B712-DDA76AE99F40}.Release|Any CPU.ActiveCfg = Release|Any CPU
		{FDF90544-9FB9-40A1-B712-DDA76AE99F40}.Release|Any CPU.Build.0 = Release|Any CPU
		{22AC9FE3-7661-478B-8753-5B0B656A129E}.Debug|Any CPU.ActiveCfg = Debug|Any CPU
		{22AC9FE3-7661-478B-8753-5B0B656A129E}.Debug|Any CPU.Build.0 = Debug|Any CPU
		{22AC9FE3-7661-478B-8753-5B0B656A129E}.Release|Any CPU.ActiveCfg = Release|Any CPU
		{22AC9FE3-7661-478B-8753-5B0B656A129E}.Release|Any CPU.Build.0 = Release|Any CPU
		{2CA93915-488F-49DE-B665-3E76B0914024}.Debug|Any CPU.ActiveCfg = Debug|Any CPU
		{2CA93915-488F-49DE-B665-3E76B0914024}.Debug|Any CPU.Build.0 = Debug|Any CPU
		{2CA93915-488F-49DE-B665-3E76B0914024}.Release|Any CPU.ActiveCfg = Release|Any CPU
		{2CA93915-488F-49DE-B665-3E76B0914024}.Release|Any CPU.Build.0 = Release|Any CPU
		{70280AB5-DFF9-4530-A84B-A7BF83ED80E2}.Debug|Any CPU.ActiveCfg = Debug|Any CPU
		{70280AB5-DFF9-4530-A84B-A7BF83ED80E2}.Debug|Any CPU.Build.0 = Debug|Any CPU
		{70280AB5-DFF9-4530-A84B-A7BF83ED80E2}.Release|Any CPU.ActiveCfg = Release|Any CPU
		{70280AB5-DFF9-4530-A84B-A7BF83ED80E2}.Release|Any CPU.Build.0 = Release|Any CPU
	EndGlobalSection
	GlobalSection(SolutionProperties) = preSolution
		HideSolutionNode = FALSE
	EndGlobalSection
	GlobalSection(ExtensibilityGlobals) = postSolution
		SolutionGuid = {4779C579-85FD-4B5E-B5FA-1F38DB46EEF4}
	EndGlobalSection
EndGlobal
